
Microsoft Visual Studio Solution File, Format Version 12.00
# Visual Studio Version 17
VisualStudioVersion = 17.8.34004.107
MinimumVisualStudioVersion = 10.0.40219.1
Project("{FAE04EC0-301F-11D3-BF4B-00C04F79EFBC}") = "AsyncWinForms", "AsyncWinForms\AsyncWinForms.csproj", "{63E0494F-8884-4789-B443-43CE954C87CF}"
EndProject
Project("{FAE04EC0-301F-11D3-BF4B-00C04F79EFBC}") = "SampleDataLayer", "SampleDataLayer\SampleDataLayer.csproj", "{E05FAC0C-1680-48E6-81AD-5D58F92540A9}"
EndProject
Global
	GlobalSection(SolutionConfigurationPlatforms) = preSolution
		Debug|Any CPU = Debug|Any CPU
		Release|Any CPU = Release|Any CPU
	EndGlobalSection
	GlobalSection(ProjectConfigurationPlatforms) = postSolution
		{63E0494F-8884-4789-B443-43CE954C87CF}.Debug|Any CPU.ActiveCfg = Debug|Any CPU
		{63E0494F-8884-4789-B443-43CE954C87CF}.Debug|Any CPU.Build.0 = Debug|Any CPU
		{63E0494F-8884-4789-B443-43CE954C87CF}.Release|Any CPU.ActiveCfg = Release|Any CPU
		{63E0494F-8884-4789-B443-43CE954C87CF}.Release|Any CPU.Build.0 = Release|Any CPU
		{E05FAC0C-1680-48E6-81AD-5D58F92540A9}.Debug|Any CPU.ActiveCfg = Debug|Any CPU
		{E05FAC0C-1680-48E6-81AD-5D58F92540A9}.Debug|Any CPU.Build.0 = Debug|Any CPU
		{E05FAC0C-1680-48E6-81AD-5D58F92540A9}.Release|Any CPU.ActiveCfg = Release|Any CPU
		{E05FAC0C-1680-48E6-81AD-5D58F92540A9}.Release|Any CPU.Build.0 = Release|Any CPU
	EndGlobalSection
	GlobalSection(SolutionProperties) = preSolution
		HideSolutionNode = FALSE
	EndGlobalSection
	GlobalSection(ExtensibilityGlobals) = postSolution
		SolutionGuid = {0B2A35E7-DE0C-44AA-821F-32FAA5744489}
	EndGlobalSection
EndGlobal
